
Microsoft Visual Studio Solution File, Format Version 12.00
# Visual Studio 2013
VisualStudioVersion = 12.0.30501.0
MinimumVisualStudioVersion = 10.0.40219.1
Project("{FAE04EC0-301F-11D3-BF4B-00C04F79EFBC}") = "Browar", "Browar\Browar.csproj", "{6E3DB236-3256-491D-B7C5-65B3573D34BB}"
	ProjectSection(ProjectDependencies) = postProject
		{BDE37148-3388-432D-9BA7-595915F45AAD} = {BDE37148-3388-432D-9BA7-595915F45AAD}
	EndProjectSection
EndProject
Project("{FAE04EC0-301F-11D3-BF4B-00C04F79EFBC}") = "Serwer", "Serwer\Serwer.csproj", "{BDE37148-3388-432D-9BA7-595915F45AAD}"
EndProject
Global
	GlobalSection(SolutionConfigurationPlatforms) = preSolution
		Debug|Any CPU = Debug|Any CPU
		Release|Any CPU = Release|Any CPU
	EndGlobalSection
	GlobalSection(ProjectConfigurationPlatforms) = postSolution
		{6E3DB236-3256-491D-B7C5-65B3573D34BB}.Debug|Any CPU.ActiveCfg = Debug|Any CPU
		{6E3DB236-3256-491D-B7C5-65B3573D34BB}.Debug|Any CPU.Build.0 = Debug|Any CPU
		{6E3DB236-3256-491D-B7C5-65B3573D34BB}.Release|Any CPU.ActiveCfg = Release|Any CPU
		{6E3DB236-3256-491D-B7C5-65B3573D34BB}.Release|Any CPU.Build.0 = Release|Any CPU
		{BDE37148-3388-432D-9BA7-595915F45AAD}.Debug|Any CPU.ActiveCfg = Debug|Any CPU
		{BDE37148-3388-432D-9BA7-595915F45AAD}.Debug|Any CPU.Build.0 = Debug|Any CPU
		{BDE37148-3388-432D-9BA7-595915F45AAD}.Release|Any CPU.ActiveCfg = Release|Any CPU
		{BDE37148-3388-432D-9BA7-595915F45AAD}.Release|Any CPU.Build.0 = Release|Any CPU
	EndGlobalSection
	GlobalSection(SolutionProperties) = preSolution
		HideSolutionNode = FALSE
	EndGlobalSection
EndGlobal
